
Microsoft Visual Studio Solution File, Format Version 12.00
# Visual Studio Version 16
VisualStudioVersion = 16.0.28729.10
MinimumVisualStudioVersion = 10.0.40219.1
Project("{FAE04EC0-301F-11D3-BF4B-00C04F79EFBC}") = "BuyingHouseApplication", "BuyingHouseApplication\BuyingHouseApplication.csproj", "{2F036A70-637E-4D26-8ED1-F0413810AF11}"
EndProject
Global
	GlobalSection(SolutionConfigurationPlatforms) = preSolution
		Debug|Any CPU = Debug|Any CPU
		Release|Any CPU = Release|Any CPU
	EndGlobalSection
	GlobalSection(ProjectConfigurationPlatforms) = postSolution
		{2F036A70-637E-4D26-8ED1-F0413810AF11}.Debug|Any CPU.ActiveCfg = Debug|Any CPU
		{2F036A70-637E-4D26-8ED1-F0413810AF11}.Debug|Any CPU.Build.0 = Debug|Any CPU
		{2F036A70-637E-4D26-8ED1-F0413810AF11}.Release|Any CPU.ActiveCfg = Release|Any CPU
		{2F036A70-637E-4D26-8ED1-F0413810AF11}.Release|Any CPU.Build.0 = Release|Any CPU
	EndGlobalSection
	GlobalSection(SolutionProperties) = preSolution
		HideSolutionNode = FALSE
	EndGlobalSection
	GlobalSection(ExtensibilityGlobals) = postSolution
		SolutionGuid = {62ED9EE1-93E6-436E-A97A-F6CA2DB00901}
	EndGlobalSection
EndGlobal
